
Microsoft Visual Studio Solution File, Format Version 11.00
# Visual Studio 2010
Project("{FAE04EC0-301F-11D3-BF4B-00C04F79EFBC}") = "LilyInput", "LilyInput.csproj", "{A14027A8-5E9A-44DD-8FD9-8090970A00E0}"
EndProject
Global
	GlobalSection(SolutionConfigurationPlatforms) = preSolution
		Debug|x86 = Debug|x86
		Release|x86 = Release|x86
	EndGlobalSection
	GlobalSection(ProjectConfigurationPlatforms) = postSolution
		{A14027A8-5E9A-44DD-8FD9-8090970A00E0}.Debug|x86.ActiveCfg = Debug|x86
		{A14027A8-5E9A-44DD-8FD9-8090970A00E0}.Debug|x86.Build.0 = Debug|x86
		{A14027A8-5E9A-44DD-8FD9-8090970A00E0}.Release|x86.ActiveCfg = Release|x86
		{A14027A8-5E9A-44DD-8FD9-8090970A00E0}.Release|x86.Build.0 = Release|x86
	EndGlobalSection
	GlobalSection(SolutionProperties) = preSolution
		HideSolutionNode = FALSE
	EndGlobalSection
EndGlobal
